
Microsoft Visual Studio Solution File, Format Version 12.00
# Visual Studio 14
VisualStudioVersion = 14.0.24720.0
MinimumVisualStudioVersion = 10.0.40219.1
Project("{FAE04EC0-301F-11D3-BF4B-00C04F79EFBC}") = "KnockoutApp", "KnockoutApp\KnockoutApp.csproj", "{7861A405-39BB-410E-89B3-CD61A322A125}"
EndProject
Project("{FAE04EC0-301F-11D3-BF4B-00C04F79EFBC}") = "KnockoutApi", "KnockoutApi\KnockoutApi.csproj", "{0AF59CF2-D4F5-440C-9AE3-214B3E6FE5A4}"
EndProject
Global
	GlobalSection(SolutionConfigurationPlatforms) = preSolution
		Debug|Any CPU = Debug|Any CPU
		Release|Any CPU = Release|Any CPU
	EndGlobalSection
	GlobalSection(ProjectConfigurationPlatforms) = postSolution
		{7861A405-39BB-410E-89B3-CD61A322A125}.Debug|Any CPU.ActiveCfg = Debug|Any CPU
		{7861A405-39BB-410E-89B3-CD61A322A125}.Debug|Any CPU.Build.0 = Debug|Any CPU
		{7861A405-39BB-410E-89B3-CD61A322A125}.Release|Any CPU.ActiveCfg = Release|Any CPU
		{7861A405-39BB-410E-89B3-CD61A322A125}.Release|Any CPU.Build.0 = Release|Any CPU
		{0AF59CF2-D4F5-440C-9AE3-214B3E6FE5A4}.Debug|Any CPU.ActiveCfg = Debug|Any CPU
		{0AF59CF2-D4F5-440C-9AE3-214B3E6FE5A4}.Debug|Any CPU.Build.0 = Debug|Any CPU
		{0AF59CF2-D4F5-440C-9AE3-214B3E6FE5A4}.Release|Any CPU.ActiveCfg = Release|Any CPU
		{0AF59CF2-D4F5-440C-9AE3-214B3E6FE5A4}.Release|Any CPU.Build.0 = Release|Any CPU
	EndGlobalSection
	GlobalSection(SolutionProperties) = preSolution
		HideSolutionNode = FALSE
	EndGlobalSection
EndGlobal
